
Microsoft Visual Studio Solution File, Format Version 12.00
# Visual Studio Version 17
VisualStudioVersion = 17.7.34024.191
MinimumVisualStudioVersion = 10.0.40219.1
Project("{FAE04EC0-301F-11D3-BF4B-00C04F79EFBC}") = "hide&seek", "hide&seek.csproj", "{B1F5B32B-DC0B-408C-B98C-6B0A8D418230}"
EndProject
Global
	GlobalSection(SolutionConfigurationPlatforms) = preSolution
		Debug|Any CPU = Debug|Any CPU
		Release|Any CPU = Release|Any CPU
	EndGlobalSection
	GlobalSection(ProjectConfigurationPlatforms) = postSolution
		{B1F5B32B-DC0B-408C-B98C-6B0A8D418230}.Debug|Any CPU.ActiveCfg = Debug|Any CPU
		{B1F5B32B-DC0B-408C-B98C-6B0A8D418230}.Debug|Any CPU.Build.0 = Debug|Any CPU
		{B1F5B32B-DC0B-408C-B98C-6B0A8D418230}.Release|Any CPU.ActiveCfg = Release|Any CPU
		{B1F5B32B-DC0B-408C-B98C-6B0A8D418230}.Release|Any CPU.Build.0 = Release|Any CPU
	EndGlobalSection
	GlobalSection(SolutionProperties) = preSolution
		HideSolutionNode = FALSE
	EndGlobalSection
	GlobalSection(ExtensibilityGlobals) = postSolution
		SolutionGuid = {EBAE652C-0E9D-48F3-9D54-D1B7AAB5AF5B}
	EndGlobalSection
EndGlobal
